
Microsoft Visual Studio Solution File, Format Version 12.00
# Visual Studio Version 17
VisualStudioVersion = 17.8.34330.188
MinimumVisualStudioVersion = 10.0.40219.1
Project("{FAE04EC0-301F-11D3-BF4B-00C04F79EFBC}") = "CapaPresentacionAdmin", "CapaPresentacionAdmin\CapaPresentacionAdmin.csproj", "{F47E0F6B-4834-4E4B-A5EE-F7CBFB7D043C}"
EndProject
Project("{FAE04EC0-301F-11D3-BF4B-00C04F79EFBC}") = "CapaPresentacionTienda", "CapaPresentacionTienda\CapaPresentacionTienda.csproj", "{43D5D90E-A6BD-48CD-9FBC-572B1CF76513}"
EndProject
Project("{FAE04EC0-301F-11D3-BF4B-00C04F79EFBC}") = "CapaDatos", "CapaDatos\CapaDatos.csproj", "{C59555ED-B1AE-46FC-9A82-A36AE09E23E7}"
EndProject
Project("{FAE04EC0-301F-11D3-BF4B-00C04F79EFBC}") = "CapaEntidad", "CapaEntidad\CapaEntidad.csproj", "{8D879CF6-56DD-4ACE-BC39-32FBDE7F923E}"
EndProject
Project("{FAE04EC0-301F-11D3-BF4B-00C04F79EFBC}") = "CapaNegocio", "CapaNegocio\CapaNegocio.csproj", "{5F1A2BE9-BEC5-45FA-862E-A36B22273D4F}"
EndProject
Global
	GlobalSection(SolutionConfigurationPlatforms) = preSolution
		Debug|Any CPU = Debug|Any CPU
		Release|Any CPU = Release|Any CPU
	EndGlobalSection
	GlobalSection(ProjectConfigurationPlatforms) = postSolution
		{F47E0F6B-4834-4E4B-A5EE-F7CBFB7D043C}.Debug|Any CPU.ActiveCfg = Debug|Any CPU
		{F47E0F6B-4834-4E4B-A5EE-F7CBFB7D043C}.Debug|Any CPU.Build.0 = Debug|Any CPU
		{F47E0F6B-4834-4E4B-A5EE-F7CBFB7D043C}.Release|Any CPU.ActiveCfg = Release|Any CPU
		{F47E0F6B-4834-4E4B-A5EE-F7CBFB7D043C}.Release|Any CPU.Build.0 = Release|Any CPU
		{43D5D90E-A6BD-48CD-9FBC-572B1CF76513}.Debug|Any CPU.ActiveCfg = Debug|Any CPU
		{43D5D90E-A6BD-48CD-9FBC-572B1CF76513}.Debug|Any CPU.Build.0 = Debug|Any CPU
		{43D5D90E-A6BD-48CD-9FBC-572B1CF76513}.Release|Any CPU.ActiveCfg = Release|Any CPU
		{43D5D90E-A6BD-48CD-9FBC-572B1CF76513}.Release|Any CPU.Build.0 = Release|Any CPU
		{C59555ED-B1AE-46FC-9A82-A36AE09E23E7}.Debug|Any CPU.ActiveCfg = Debug|Any CPU
		{C59555ED-B1AE-46FC-9A82-A36AE09E23E7}.Debug|Any CPU.Build.0 = Debug|Any CPU
		{C59555ED-B1AE-46FC-9A82-A36AE09E23E7}.Release|Any CPU.ActiveCfg = Release|Any CPU
		{C59555ED-B1AE-46FC-9A82-A36AE09E23E7}.Release|Any CPU.Build.0 = Release|Any CPU
		{8D879CF6-56DD-4ACE-BC39-32FBDE7F923E}.Debug|Any CPU.ActiveCfg = Debug|Any CPU
		{8D879CF6-56DD-4ACE-BC39-32FBDE7F923E}.Debug|Any CPU.Build.0 = Debug|Any CPU
		{8D879CF6-56DD-4ACE-BC39-32FBDE7F923E}.Release|Any CPU.ActiveCfg = Release|Any CPU
		{8D879CF6-56DD-4ACE-BC39-32FBDE7F923E}.Release|Any CPU.Build.0 = Release|Any CPU
		{5F1A2BE9-BEC5-45FA-862E-A36B22273D4F}.Debug|Any CPU.ActiveCfg = Debug|Any CPU
		{5F1A2BE9-BEC5-45FA-862E-A36B22273D4F}.Debug|Any CPU.Build.0 = Debug|Any CPU
		{5F1A2BE9-BEC5-45FA-862E-A36B22273D4F}.Release|Any CPU.ActiveCfg = Release|Any CPU
		{5F1A2BE9-BEC5-45FA-862E-A36B22273D4F}.Release|Any CPU.Build.0 = Release|Any CPU
	EndGlobalSection
	GlobalSection(SolutionProperties) = preSolution
		HideSolutionNode = FALSE
	EndGlobalSection
	GlobalSection(ExtensibilityGlobals) = postSolution
		SolutionGuid = {C4B45C56-E481-454C-B8F5-EE48E0DFEE80}
	EndGlobalSection
EndGlobal
